Microsoft Visual Studio Solution File, Format Version 12.00
# Visual Studio Version 17
VisualStudioVersion = 17.5.2.0
MinimumVisualStudioVersion = 10.0.40219.1
Project("{FAE04EC0-301F-11D3-BF4B-00C04F79EFBC}") = "RayGUI-pp", "RayGUI-pp.csproj", "{FF849402-5131-3B05-8E6C-3B0AAD85CAC2}"
EndProject
Global
	GlobalSection(SolutionConfigurationPlatforms) = preSolution
		Debug|Any CPU = Debug|Any CPU
		Release|Any CPU = Release|Any CPU
	EndGlobalSection
	GlobalSection(ProjectConfigurationPlatforms) = postSolution
		{FF849402-5131-3B05-8E6C-3B0AAD85CAC2}.Debug|Any CPU.ActiveCfg = Debug|Any CPU
		{FF849402-5131-3B05-8E6C-3B0AAD85CAC2}.Debug|Any CPU.Build.0 = Debug|Any CPU
		{FF849402-5131-3B05-8E6C-3B0AAD85CAC2}.Release|Any CPU.ActiveCfg = Release|Any CPU
		{FF849402-5131-3B05-8E6C-3B0AAD85CAC2}.Release|Any CPU.Build.0 = Release|Any CPU
	EndGlobalSection
	GlobalSection(SolutionProperties) = preSolution
		HideSolutionNode = FALSE
	EndGlobalSection
	GlobalSection(ExtensibilityGlobals) = postSolution
		SolutionGuid = {C485E678-FFBC-43D5-ADB5-F3F1A92C669A}
	EndGlobalSection
EndGlobal
